{
  "nodes": {
    "bash-it": {
      "flake": false,
      "locked": {
        "lastModified": 1752406714,
        "narHash": "sha256-mE2jDqzXQI8mumKd7wWLkC/9cWQG5b8kZ3LV/mhb8gs=",
        "owner": "Bash-it",
        "repo": "bash-it",
        "rev": "8b5a8d4f315b0e74e74fa192a38ec643e888e9db",
        "type": "github"
      },
      "original": {
        "owner": "Bash-it",
        "repo": "bash-it",
        "type": "github"
      }
    },
    "home-manager": {
      "inputs": {
        "nixpkgs": [
          "nixpkgs"
        ]
      },
      "locked": {
        "lastModified": 1755397986,
        "narHash": "sha256-qwrF5laj6eE3Zht0wKYTmH6QzL7bdOyE2f6jd3WCO8g=",
        "owner": "nix-community",
        "repo": "home-manager",
        "rev": "8b4ac149687e8520187a66f05e9d4eafebf96522",
        "type": "github"
      },
      "original": {
        "owner": "nix-community",
        "repo": "home-manager",
        "type": "github"
      }
    },
    "nixpkgs": {
      "locked": {
        "lastModified": 1755186698,
        "narHash": "sha256-wNO3+Ks2jZJ4nTHMuks+cxAiVBGNuEBXsT29Bz6HASo=",
        "owner": "nixos",
        "repo": "nixpkgs",
        "rev": "fbcf476f790d8a217c3eab4e12033dc4a0f6d23c",
        "type": "github"
      },
      "original": {
        "owner": "nixos",
        "ref": "nixos-unstable",
        "repo": "nixpkgs",
        "type": "github"
      }
    },
    "root": {
      "inputs": {
        "bash-it": "bash-it",
        "home-manager": "home-manager",
        "nixpkgs": "nixpkgs",
        "sops-nix": "sops-nix"
      }
    },
    "sops-nix": {
      "inputs": {
        "nixpkgs": [
          "nixpkgs"
        ]
      },
      "locked": {
        "lastModified": 1754988908,
        "narHash": "sha256-t+voe2961vCgrzPFtZxha0/kmFSHFobzF00sT8p9h0U=",
        "owner": "mic92",
        "repo": "sops-nix",
        "rev": "3223c7a92724b5d804e9988c6b447a0d09017d48",
        "type": "github"
      },
      "original": {
        "owner": "mic92",
        "repo": "sops-nix",
        "type": "github"
      }
    }
  },
  "root": "root",
  "version": 7
}
